
Microsoft Visual Studio Solution File, Format Version 12.00
# Visual Studio 2013
VisualStudioVersion = 12.0.30723.0
MinimumVisualStudioVersion = 10.0.40219.1
Project("{FAE04EC0-301F-11D3-BF4B-00C04F79EFBC}") = "DocuTrackerAutomation", "DocuTrackerAutomation\DocuTrackerAutomation.csproj", "{D1DC5F43-AFC9-4697-93FF-34D54BE93BEE}"
EndProject
Project("{FAE04EC0-301F-11D3-BF4B-00C04F79EFBC}") = "DocuTrackerTest", "DocuTrackerTest\DocuTrackerTest.csproj", "{11936732-8F31-4508-8644-3D77B4C2AA9A}"
EndProject
Global
	GlobalSection(SolutionConfigurationPlatforms) = preSolution
		Debug|Any CPU = Debug|Any CPU
		Release|Any CPU = Release|Any CPU
	EndGlobalSection
	GlobalSection(ProjectConfigurationPlatforms) = postSolution
		{D1DC5F43-AFC9-4697-93FF-34D54BE93BEE}.Debug|Any CPU.ActiveCfg = Debug|Any CPU
		{D1DC5F43-AFC9-4697-93FF-34D54BE93BEE}.Debug|Any CPU.Build.0 = Debug|Any CPU
		{D1DC5F43-AFC9-4697-93FF-34D54BE93BEE}.Release|Any CPU.ActiveCfg = Release|Any CPU
		{D1DC5F43-AFC9-4697-93FF-34D54BE93BEE}.Release|Any CPU.Build.0 = Release|Any CPU
		{11936732-8F31-4508-8644-3D77B4C2AA9A}.Debug|Any CPU.ActiveCfg = Debug|Any CPU
		{11936732-8F31-4508-8644-3D77B4C2AA9A}.Debug|Any CPU.Build.0 = Debug|Any CPU
		{11936732-8F31-4508-8644-3D77B4C2AA9A}.Release|Any CPU.ActiveCfg = Release|Any CPU
		{11936732-8F31-4508-8644-3D77B4C2AA9A}.Release|Any CPU.Build.0 = Release|Any CPU
	EndGlobalSection
	GlobalSection(SolutionProperties) = preSolution
		HideSolutionNode = FALSE
	EndGlobalSection
	GlobalSection(ExtensibilityGlobals) = postSolution
		VisualSVNWorkingCopyRoot = .
	EndGlobalSection
EndGlobal
